
Microsoft Visual Studio Solution File, Format Version 12.00
# Visual Studio Version 16
VisualStudioVersion = 16.0.30225.117
MinimumVisualStudioVersion = 10.0.40219.1
Project("{9A19103F-16F7-4668-BE54-9A1E7A4F7556}") = "TheaterApplication.Dal", "TheaterApplication.Dal\TheaterApplication.Dal.csproj", "{F7BA9E05-EC52-46C2-AF2B-C1F2B21931E4}"
EndProject
Project("{9A19103F-16F7-4668-BE54-9A1E7A4F7556}") = "TheaterApplication.Bll", "TheaterApplication.Bll\TheaterApplication.Bll.csproj", "{22EB4D24-2C2F-4AE3-A6F9-C0E7B3E39DBA}"
EndProject
Project("{9A19103F-16F7-4668-BE54-9A1E7A4F7556}") = "TheaterApplication.WebApi", "TheaterApplication.WebApi\TheaterApplication.WebApi.csproj", "{C220322C-4512-4289-9C18-69116372C225}"
EndProject
Project("{FAE04EC0-301F-11D3-BF4B-00C04F79EFBC}") = "TheaterApplication.Utils", "TheaterApplication.Utils\TheaterApplication.Utils.csproj", "{94B3F82A-4995-47B9-853E-437FCC3FB859}"
EndProject
Global
	GlobalSection(SolutionConfigurationPlatforms) = preSolution
		Debug|Any CPU = Debug|Any CPU
		Release|Any CPU = Release|Any CPU
	EndGlobalSection
	GlobalSection(ProjectConfigurationPlatforms) = postSolution
		{F7BA9E05-EC52-46C2-AF2B-C1F2B21931E4}.Debug|Any CPU.ActiveCfg = Debug|Any CPU
		{F7BA9E05-EC52-46C2-AF2B-C1F2B21931E4}.Debug|Any CPU.Build.0 = Debug|Any CPU
		{F7BA9E05-EC52-46C2-AF2B-C1F2B21931E4}.Release|Any CPU.ActiveCfg = Release|Any CPU
		{F7BA9E05-EC52-46C2-AF2B-C1F2B21931E4}.Release|Any CPU.Build.0 = Release|Any CPU
		{22EB4D24-2C2F-4AE3-A6F9-C0E7B3E39DBA}.Debug|Any CPU.ActiveCfg = Debug|Any CPU
		{22EB4D24-2C2F-4AE3-A6F9-C0E7B3E39DBA}.Debug|Any CPU.Build.0 = Debug|Any CPU
		{22EB4D24-2C2F-4AE3-A6F9-C0E7B3E39DBA}.Release|Any CPU.ActiveCfg = Release|Any CPU
		{22EB4D24-2C2F-4AE3-A6F9-C0E7B3E39DBA}.Release|Any CPU.Build.0 = Release|Any CPU
		{C220322C-4512-4289-9C18-69116372C225}.Debug|Any CPU.ActiveCfg = Debug|Any CPU
		{C220322C-4512-4289-9C18-69116372C225}.Debug|Any CPU.Build.0 = Debug|Any CPU
		{C220322C-4512-4289-9C18-69116372C225}.Release|Any CPU.ActiveCfg = Release|Any CPU
		{C220322C-4512-4289-9C18-69116372C225}.Release|Any CPU.Build.0 = Release|Any CPU
		{94B3F82A-4995-47B9-853E-437FCC3FB859}.Debug|Any CPU.ActiveCfg = Debug|Any CPU
		{94B3F82A-4995-47B9-853E-437FCC3FB859}.Debug|Any CPU.Build.0 = Debug|Any CPU
		{94B3F82A-4995-47B9-853E-437FCC3FB859}.Release|Any CPU.ActiveCfg = Release|Any CPU
		{94B3F82A-4995-47B9-853E-437FCC3FB859}.Release|Any CPU.Build.0 = Release|Any CPU
	EndGlobalSection
	GlobalSection(SolutionProperties) = preSolution
		HideSolutionNode = FALSE
	EndGlobalSection
	GlobalSection(ExtensibilityGlobals) = postSolution
		SolutionGuid = {A794F1AF-C22D-400B-B4AB-B87ABDDBECD6}
	EndGlobalSection
EndGlobal
